// !$*UTF8*$!
{
	archiveVersion = 1;
	classes = {
	};
	objectVersion = 77;
	objects = {

/* Begin PBXBuildFile section */
		0246E914ED83246EA311D898 /* InventoryViewModelTests.swift in Sources */ = {isa = PBXBuildFile; fileRef = 3677F0CA387D5D4818040E3C /* InventoryViewModelTests.swift */; };
		07A9D3403701FF8FA75EAE88 /* GameSessionViewModelTests.swift in Sources */ = {isa = PBXBuildFile; fileRef = 13DDC311BD14026A508BBF8A /* GameSessionViewModelTests.swift */; };
		0E180D9D2E759F4269AD36D8 /* AppSmokeTests.swift in Sources */ = {isa = PBXBuildFile; fileRef = 3BCF3E47745F5BA22664179A /* AppSmokeTests.swift */; };
		106317CA751A736C2CB6D0D6 /* RiftCore in Frameworks */ = {isa = PBXBuildFile; productRef = 66F68254A710BE031FA3C538 /* RiftCore */; };
		165FE173F0612A7C42D11C31 /* ExplorationControllerTests.swift in Sources */ = {isa = PBXBuildFile; fileRef = B8FFB76B3265761E301E9ABE /* ExplorationControllerTests.swift */; };
		1848CFC49F32B6EF6667BE62 /* Data in Resources */ = {isa = PBXBuildFile; fileRef = 88DF543C5A5385E21EDF8CFD /* Data */; };
		1D86B4BB78F507A4FF4DCBBC /* PartyCreationView.swift in Sources */ = {isa = PBXBuildFile; fileRef = C6489FE796C584D033A572F3 /* PartyCreationView.swift */; };
		0A1B2C3D4E5F60718293A4B5 /* ChapterCompleteView.swift in Sources */ = {isa = PBXBuildFile; fileRef = 0A1B2C3D4E5F60718293A4B7 /* ChapterCompleteView.swift */; };
		0A1B2C3D4E5F60718293A4B6 /* ChapterCompleteViewModelTests.swift in Sources */ = {isa = PBXBuildFile; fileRef = 0A1B2C3D4E5F60718293A4B8 /* ChapterCompleteViewModelTests.swift */; };
		25BE95F6B1B417258116659A /* NavigationServiceTests.swift in Sources */ = {isa = PBXBuildFile; fileRef = 30D42B43B5FA4A8DA355A960 /* NavigationServiceTests.swift */; };
		2AC8D80CD5D5A613E8ECCF5A /* CharacterSheetView.swift in Sources */ = {isa = PBXBuildFile; fileRef = D5DD2421FDEA60AC13A9E11D /* CharacterSheetView.swift */; };
		3611029602000DC07423A95F /* Assets in Resources */ = {isa = PBXBuildFile; fileRef = 9378BAD0E4B3DC7D9AF2FBCD /* Assets */; };
		36F44454EBE9E28B55FB5782 /* SaveLoadViewModelTests.swift in Sources */ = {isa = PBXBuildFile; fileRef = E21ED1B8BC9A963A07E80AC0 /* SaveLoadViewModelTests.swift */; };
		4061D4F404E9C2F39F4252C8 /* AppState.swift in Sources */ = {isa = PBXBuildFile; fileRef = 2E20289D96B7086117044C4B /* AppState.swift */; };
		4CE2615E38C0F74F8077058B /* BattleHUDView.swift in Sources */ = {isa = PBXBuildFile; fileRef = 5840BCF972C51DF0D4596A46 /* BattleHUDView.swift */; };
		4FEEBC447E12CF70E826B83A /* BattleViewModelTests.swift in Sources */ = {isa = PBXBuildFile; fileRef = 041AA83BB7EE525626254DF3 /* BattleViewModelTests.swift */; };
		578732DC3C52AB58C25A427E /* ContentView.swift in Sources */ = {isa = PBXBuildFile; fileRef = 16878055CA8AAE8E6F1D52DF /* ContentView.swift */; };
		6347CEA63EB39C695173C2CB /* ExplorationController.swift in Sources */ = {isa = PBXBuildFile; fileRef = 3A5A0519DE22D34D64B8042B /* ExplorationController.swift */; };
		6802995F9D5D42B766DFD4D6 /* BattleViewModel.swift in Sources */ = {isa = PBXBuildFile; fileRef = 7C293E92E0C61C83BC23C3D8 /* BattleViewModel.swift */; };
		6B6AA44F5BF0D3257C309ECF /* DialogViewModelTests.swift in Sources */ = {isa = PBXBuildFile; fileRef = CED5203573F8304F28AF64DD /* DialogViewModelTests.swift */; };
		70C4603FB3C84E4291582401 /* GameOverRecoveryTests.swift in Sources */ = {isa = PBXBuildFile; fileRef = 4F9E9466292C4C5C9DCD43B1 /* GameOverRecoveryTests.swift */; };
		75888EDDD89E8D43FB9D8081 /* GameLog.swift in Sources */ = {isa = PBXBuildFile; fileRef = 26E228968FC56BB933A3CABE /* GameLog.swift */; };
		762B7AB18C17309A6B4CC3B5 /* SettingsView.swift in Sources */ = {isa = PBXBuildFile; fileRef = ABCD76F051C6CC030C6D0731 /* SettingsView.swift */; };
		7A1FAA9933C66689FD577710 /* SKTiledSmoke.swift in Sources */ = {isa = PBXBuildFile; fileRef = BDDC2D82CDF426BA23FE4903 /* SKTiledSmoke.swift */; };
		7EFE432FF57723A0E6402008 /* GameSessionViewModel.swift in Sources */ = {isa = PBXBuildFile; fileRef = D5A11D608E5672C4D8E4AFEE /* GameSessionViewModel.swift */; };
		9183538DE747AB36298AB423 /* AudioService.swift in Sources */ = {isa = PBXBuildFile; fileRef = BEE3322D8EF6763B46BF3C1B /* AudioService.swift */; };
		991189CB683319A94BEAA1A2 /* SaveLoadViewModel.swift in Sources */ = {isa = PBXBuildFile; fileRef = 78DDEC2D739BDADDB200C294 /* SaveLoadViewModel.swift */; };
		9FA8A833859854299DEEFCFB /* PartyCreationViewModelTests.swift in Sources */ = {isa = PBXBuildFile; fileRef = FEA81A8F301589365BBF6754 /* PartyCreationViewModelTests.swift */; };
		A3CC69DA628AF017095209CF /* GameScene.swift in Sources */ = {isa = PBXBuildFile; fileRef = 8A59363E369752C0EBF6B922 /* GameScene.swift */; };
		A8CCEAD8EEF70AAF3D485948 /* TiledMapLoader.swift in Sources */ = {isa = PBXBuildFile; fileRef = E9690F5B30C8F52EA2944A2B /* TiledMapLoader.swift */; };
		B21B8E81F017A5DA43739B18 /* LineOfSightService.swift in Sources */ = {isa = PBXBuildFile; fileRef = F91E145CC57DAABAD58BA948 /* LineOfSightService.swift */; };
		B9EB9523CC4829EB2BE7C946 /* QuestLogView.swift in Sources */ = {isa = PBXBuildFile; fileRef = A2B16655338F5A7331D323D9 /* QuestLogView.swift */; };
		C03B841A7B26D9E7734F62B0 /* RiftExpeditionApp.swift in Sources */ = {isa = PBXBuildFile; fileRef = FDD21D61B804614283239218 /* RiftExpeditionApp.swift */; };
		C4AB3902B42AB9F9ACD5E503 /* InventoryView.swift in Sources */ = {isa = PBXBuildFile; fileRef = DC8CCE68052376171EBF56FA /* InventoryView.swift */; };
		C7C1D3A7139B0EAB08203DB5 /* InventoryViewModel.swift in Sources */ = {isa = PBXBuildFile; fileRef = 7EC223499FD6F98F40939CDB /* InventoryViewModel.swift */; };
		CB9CFA9956BA963FF8ECE217 /* DialogView.swift in Sources */ = {isa = PBXBuildFile; fileRef = DFB40451858A3BC818E7A3E9 /* DialogView.swift */; };
		D20908863543301B1459C3A6 /* Maps in Resources */ = {isa = PBXBuildFile; fileRef = 6F7AC4E0DEC480F958D181E4 /* Maps */; };
		D479EFB7CB00F0F6C5A17847 /* EncounterTriggerService.swift in Sources */ = {isa = PBXBuildFile; fileRef = 53D9D13471E3AB31A4040241 /* EncounterTriggerService.swift */; };
		D8515217F7C286DD42149DC7 /* SKTiled in Frameworks */ = {isa = PBXBuildFile; productRef = 144D526509E751239A80D9D5 /* SKTiled */; };
		D875A9994F538C9CA37B297C /* DebugOverlayView.swift in Sources */ = {isa = PBXBuildFile; fileRef = 5773BEE9BC248747C7F77CB9 /* DebugOverlayView.swift */; };
		E13BE2848D6EE0DB41CA094B /* DialogViewModel.swift in Sources */ = {isa = PBXBuildFile; fileRef = D19AB8D6F4144C335B1A905D /* DialogViewModel.swift */; };
		E152D139378F269AE18D4DEA /* NavigationService.swift in Sources */ = {isa = PBXBuildFile; fileRef = 7A6DF617AC4CE8F345CC0AF6 /* NavigationService.swift */; };
		E4425829A2497C821875B3A5 /* SaveGameStore.swift in Sources */ = {isa = PBXBuildFile; fileRef = 5FEFAC17CDF2FC399752FBAA /* SaveGameStore.swift */; };
		E4F1A8A2075A81DCCD66DA54 /* PartyCreationViewModel.swift in Sources */ = {isa = PBXBuildFile; fileRef = BCE33441FC0022334EC29321 /* PartyCreationViewModel.swift */; };
		EA26E71CCD073F770F867A1E /* GameRootView.swift in Sources */ = {isa = PBXBuildFile; fileRef = 62D9C87993ED01E0C345D4D1 /* GameRootView.swift */; };
		ED3D5492A209D88E71E23C04 /* SaveLoadView.swift in Sources */ = {isa = PBXBuildFile; fileRef = 7101425E7A0C85952FE84AFB /* SaveLoadView.swift */; };
		FFA0837788C20216C0548B5E /* EncounterTriggerServiceTests.swift in Sources */ = {isa = PBXBuildFile; fileRef = 13ADCD02CE1DDCFC52A3C22E /* EncounterTriggerServiceTests.swift */; };
/* End PBXBuildFile section */

/* Begin PBXContainerItemProxy section */
		5EDFEC619151D736AE0C9652 /* PBXContainerItemProxy */ = {
			isa = PBXContainerItemProxy;
			containerPortal = 458DFF6F63C8A0A64A18CBF7 /* Project object */;
			proxyType = 1;
			remoteGlobalIDString = 7F125E9A933BCA4AAC245B6B;
			remoteInfo = RiftExpedition;
		};
/* End PBXContainerItemProxy section */

/* Begin PBXFileReference section */
		041AA83BB7EE525626254DF3 /* BattleViewModelTests.swift */ = {isa = PBXFileReference; lastKnownFileType = sourcecode.swift; path = BattleViewModelTests.swift; sourceTree = "<group>"; };
		0A1B2C3D4E5F60718293A4B7 /* ChapterCompleteView.swift */ = {isa = PBXFileReference; lastKnownFileType = sourcecode.swift; path = ChapterCompleteView.swift; sourceTree = "<group>"; };
		0A1B2C3D4E5F60718293A4B8 /* ChapterCompleteViewModelTests.swift */ = {isa = PBXFileReference; lastKnownFileType = sourcecode.swift; path = ChapterCompleteViewModelTests.swift; sourceTree = "<group>"; };
		0B17603B09208858E2CBF0AF /* RiftExpedition.app */ = {isa = PBXFileReference; explicitFileType = wrapper.application; includeInIndex = 0; path = RiftExpedition.app; sourceTree = BUILT_PRODUCTS_DIR; };
		13ADCD02CE1DDCFC52A3C22E /* EncounterTriggerServiceTests.swift */ = {isa = PBXFileReference; lastKnownFileType = sourcecode.swift; path = EncounterTriggerServiceTests.swift; sourceTree = "<group>"; };
		13DDC311BD14026A508BBF8A /* GameSessionViewModelTests.swift */ = {isa = PBXFileReference; lastKnownFileType = sourcecode.swift; path = GameSessionViewModelTests.swift; sourceTree = "<group>"; };
		16878055CA8AAE8E6F1D52DF /* ContentView.swift */ = {isa = PBXFileReference; lastKnownFileType = sourcecode.swift; path = ContentView.swift; sourceTree = "<group>"; };
		178952F0342DDAB252E026EA /* RiftCore */ = {isa = PBXFileReference; lastKnownFileType = folder; name = RiftCore; path = Packages/RiftCore; sourceTree = SOURCE_ROOT; };
		26E228968FC56BB933A3CABE /* GameLog.swift */ = {isa = PBXFileReference; lastKnownFileType = sourcecode.swift; path = GameLog.swift; sourceTree = "<group>"; };
		2E20289D96B7086117044C4B /* AppState.swift */ = {isa = PBXFileReference; lastKnownFileType = sourcecode.swift; path = AppState.swift; sourceTree = "<group>"; };
		30D42B43B5FA4A8DA355A960 /* NavigationServiceTests.swift */ = {isa = PBXFileReference; lastKnownFileType = sourcecode.swift; path = NavigationServiceTests.swift; sourceTree = "<group>"; };
		3677F0CA387D5D4818040E3C /* InventoryViewModelTests.swift */ = {isa = PBXFileReference; lastKnownFileType = sourcecode.swift; path = InventoryViewModelTests.swift; sourceTree = "<group>"; };
		3A5A0519DE22D34D64B8042B /* ExplorationController.swift */ = {isa = PBXFileReference; lastKnownFileType = sourcecode.swift; path = ExplorationController.swift; sourceTree = "<group>"; };
		3BCF3E47745F5BA22664179A /* AppSmokeTests.swift */ = {isa = PBXFileReference; lastKnownFileType = sourcecode.swift; path = AppSmokeTests.swift; sourceTree = "<group>"; };
		3F2BDC56D41062C0A4A1AEDB /* RiftExpeditionTests.xctest */ = {isa = PBXFileReference; explicitFileType = wrapper.cfbundle; includeInIndex = 0; path = RiftExpeditionTests.xctest; sourceTree = BUILT_PRODUCTS_DIR; };
		4F9E9466292C4C5C9DCD43B1 /* GameOverRecoveryTests.swift */ = {isa = PBXFileReference; lastKnownFileType = sourcecode.swift; path = GameOverRecoveryTests.swift; sourceTree = "<group>"; };
		53D9D13471E3AB31A4040241 /* EncounterTriggerService.swift */ = {isa = PBXFileReference; lastKnownFileType = sourcecode.swift; path = EncounterTriggerService.swift; sourceTree = "<group>"; };
		5773BEE9BC248747C7F77CB9 /* DebugOverlayView.swift */ = {isa = PBXFileReference; lastKnownFileType = sourcecode.swift; path = DebugOverlayView.swift; sourceTree = "<group>"; };
		5840BCF972C51DF0D4596A46 /* BattleHUDView.swift */ = {isa = PBXFileReference; lastKnownFileType = sourcecode.swift; path = BattleHUDView.swift; sourceTree = "<group>"; };
		5FEFAC17CDF2FC399752FBAA /* SaveGameStore.swift */ = {isa = PBXFileReference; lastKnownFileType = sourcecode.swift; path = SaveGameStore.swift; sourceTree = "<group>"; };
		62D9C87993ED01E0C345D4D1 /* GameRootView.swift */ = {isa = PBXFileReference; lastKnownFileType = sourcecode.swift; path = GameRootView.swift; sourceTree = "<group>"; };
		6F7AC4E0DEC480F958D181E4 /* Maps */ = {isa = PBXFileReference; lastKnownFileType = folder; name = Maps; path = RiftExpedition/Resources/Maps; sourceTree = SOURCE_ROOT; };
		7101425E7A0C85952FE84AFB /* SaveLoadView.swift */ = {isa = PBXFileReference; lastKnownFileType = sourcecode.swift; path = SaveLoadView.swift; sourceTree = "<group>"; };
		78DDEC2D739BDADDB200C294 /* SaveLoadViewModel.swift */ = {isa = PBXFileReference; lastKnownFileType = sourcecode.swift; path = SaveLoadViewModel.swift; sourceTree = "<group>"; };
		7A6DF617AC4CE8F345CC0AF6 /* NavigationService.swift */ = {isa = PBXFileReference; lastKnownFileType = sourcecode.swift; path = NavigationService.swift; sourceTree = "<group>"; };
		7C293E92E0C61C83BC23C3D8 /* BattleViewModel.swift */ = {isa = PBXFileReference; lastKnownFileType = sourcecode.swift; path = BattleViewModel.swift; sourceTree = "<group>"; };
		7EC223499FD6F98F40939CDB /* InventoryViewModel.swift */ = {isa = PBXFileReference; lastKnownFileType = sourcecode.swift; path = InventoryViewModel.swift; sourceTree = "<group>"; };
		88DF543C5A5385E21EDF8CFD /* Data */ = {isa = PBXFileReference; lastKnownFileType = folder; name = Data; path = RiftExpedition/Resources/Data; sourceTree = SOURCE_ROOT; };
		8A59363E369752C0EBF6B922 /* GameScene.swift */ = {isa = PBXFileReference; lastKnownFileType = sourcecode.swift; path = GameScene.swift; sourceTree = "<group>"; };
		9378BAD0E4B3DC7D9AF2FBCD /* Assets */ = {isa = PBXFileReference; lastKnownFileType = folder; name = Assets; path = RiftExpedition/Resources/Assets; sourceTree = SOURCE_ROOT; };
		96ECC71E1DF84B764C758E8F /* RiftExpedition.entitlements */ = {isa = PBXFileReference; lastKnownFileType = text.plist.entitlements; path = RiftExpedition.entitlements; sourceTree = "<group>"; };
		A2B16655338F5A7331D323D9 /* QuestLogView.swift */ = {isa = PBXFileReference; lastKnownFileType = sourcecode.swift; path = QuestLogView.swift; sourceTree = "<group>"; };
		ABCD76F051C6CC030C6D0731 /* SettingsView.swift */ = {isa = PBXFileReference; lastKnownFileType = sourcecode.swift; path = SettingsView.swift; sourceTree = "<group>"; };
		B8FFB76B3265761E301E9ABE /* ExplorationControllerTests.swift */ = {isa = PBXFileReference; lastKnownFileType = sourcecode.swift; path = ExplorationControllerTests.swift; sourceTree = "<group>"; };
		BCE33441FC0022334EC29321 /* PartyCreationViewModel.swift */ = {isa = PBXFileReference; lastKnownFileType = sourcecode.swift; path = PartyCreationViewModel.swift; sourceTree = "<group>"; };
		BDDC2D82CDF426BA23FE4903 /* SKTiledSmoke.swift */ = {isa = PBXFileReference; lastKnownFileType = sourcecode.swift; path = SKTiledSmoke.swift; sourceTree = "<group>"; };
		BEE3322D8EF6763B46BF3C1B /* AudioService.swift */ = {isa = PBXFileReference; lastKnownFileType = sourcecode.swift; path = AudioService.swift; sourceTree = "<group>"; };
		C6489FE796C584D033A572F3 /* PartyCreationView.swift */ = {isa = PBXFileReference; lastKnownFileType = sourcecode.swift; path = PartyCreationView.swift; sourceTree = "<group>"; };
		CED5203573F8304F28AF64DD /* DialogViewModelTests.swift */ = {isa = PBXFileReference; lastKnownFileType = sourcecode.swift; path = DialogViewModelTests.swift; sourceTree = "<group>"; };
		D19AB8D6F4144C335B1A905D /* DialogViewModel.swift */ = {isa = PBXFileReference; lastKnownFileType = sourcecode.swift; path = DialogViewModel.swift; sourceTree = "<group>"; };
		D5A11D608E5672C4D8E4AFEE /* GameSessionViewModel.swift */ = {isa = PBXFileReference; lastKnownFileType = sourcecode.swift; path = GameSessionViewModel.swift; sourceTree = "<group>"; };
		D5DD2421FDEA60AC13A9E11D /* CharacterSheetView.swift */ = {isa = PBXFileReference; lastKnownFileType = sourcecode.swift; path = CharacterSheetView.swift; sourceTree = "<group>"; };
		DC8CCE68052376171EBF56FA /* InventoryView.swift */ = {isa = PBXFileReference; lastKnownFileType = sourcecode.swift; path = InventoryView.swift; sourceTree = "<group>"; };
		DFB40451858A3BC818E7A3E9 /* DialogView.swift */ = {isa = PBXFileReference; lastKnownFileType = sourcecode.swift; path = DialogView.swift; sourceTree = "<group>"; };
		E21ED1B8BC9A963A07E80AC0 /* SaveLoadViewModelTests.swift */ = {isa = PBXFileReference; lastKnownFileType = sourcecode.swift; path = SaveLoadViewModelTests.swift; sourceTree = "<group>"; };
		E9690F5B30C8F52EA2944A2B /* TiledMapLoader.swift */ = {isa = PBXFileReference; lastKnownFileType = sourcecode.swift; path = TiledMapLoader.swift; sourceTree = "<group>"; };
		F91E145CC57DAABAD58BA948 /* LineOfSightService.swift */ = {isa = PBXFileReference; lastKnownFileType = sourcecode.swift; path = LineOfSightService.swift; sourceTree = "<group>"; };
		FDD21D61B804614283239218 /* RiftExpeditionApp.swift */ = {isa = PBXFileReference; lastKnownFileType = sourcecode.swift; path = RiftExpeditionApp.swift; sourceTree = "<group>"; };
		FEA81A8F301589365BBF6754 /* PartyCreationViewModelTests.swift */ = {isa = PBXFileReference; lastKnownFileType = sourcecode.swift; path = PartyCreationViewModelTests.swift; sourceTree = "<group>"; };
/* End PBXFileReference section */

/* Begin PBXFrameworksBuildPhase section */
		E875758D1151B9D67EA0BB1A /* Frameworks */ = {
			isa = PBXFrameworksBuildPhase;
			buildActionMask = 2147483647;
			files = (
				106317CA751A736C2CB6D0D6 /* RiftCore in Frameworks */,
				D8515217F7C286DD42149DC7 /* SKTiled in Frameworks */,
			);
			runOnlyForDeploymentPostprocessing = 0;
		};
/* End PBXFrameworksBuildPhase section */

/* Begin PBXGroup section */
		007FAE374E397CB9050B976B /* RiftExpedition */ = {
			isa = PBXGroup;
			children = (
				96ECC71E1DF84B764C758E8F /* RiftExpedition.entitlements */,
				B739B4055280D63B63A7CC7E /* App */,
				359F95E38BA7DCDFF421AD83 /* Audio */,
				C4BE167B9FC3C9C579982340 /* Game */,
				883BBACC6D864102375B37A1 /* Resources */,
				007FE09F355AE72FEF873D54 /* Save */,
				5D2FF07076F465E2FBB25BE9 /* Support */,
				95C2CCA170465F36D5AFF4BE /* ViewModels */,
				01D072E41D4820620BE8A4DD /* Views */,
			);
			path = RiftExpedition;
			sourceTree = "<group>";
		};
		007FE09F355AE72FEF873D54 /* Save */ = {
			isa = PBXGroup;
			children = (
				5FEFAC17CDF2FC399752FBAA /* SaveGameStore.swift */,
			);
			path = Save;
			sourceTree = "<group>";
		};
		01D072E41D4820620BE8A4DD /* Views */ = {
			isa = PBXGroup;
			children = (
				5840BCF972C51DF0D4596A46 /* BattleHUDView.swift */,
				D5DD2421FDEA60AC13A9E11D /* CharacterSheetView.swift */,
				0A1B2C3D4E5F60718293A4B7 /* ChapterCompleteView.swift */,
				5773BEE9BC248747C7F77CB9 /* DebugOverlayView.swift */,
				DFB40451858A3BC818E7A3E9 /* DialogView.swift */,
				DC8CCE68052376171EBF56FA /* InventoryView.swift */,
				C6489FE796C584D033A572F3 /* PartyCreationView.swift */,
				A2B16655338F5A7331D323D9 /* QuestLogView.swift */,
				7101425E7A0C85952FE84AFB /* SaveLoadView.swift */,
				ABCD76F051C6CC030C6D0731 /* SettingsView.swift */,
			);
			path = Views;
			sourceTree = "<group>";
		};
		08020C780A8F1BB98FF87CBD /* Navigation */ = {
			isa = PBXGroup;
			children = (
				F91E145CC57DAABAD58BA948 /* LineOfSightService.swift */,
				7A6DF617AC4CE8F345CC0AF6 /* NavigationService.swift */,
			);
			path = Navigation;
			sourceTree = "<group>";
		};
		086E57884555B154A6B4B588 /* Encounter */ = {
			isa = PBXGroup;
			children = (
				53D9D13471E3AB31A4040241 /* EncounterTriggerService.swift */,
			);
			path = Encounter;
			sourceTree = "<group>";
		};
		359F95E38BA7DCDFF421AD83 /* Audio */ = {
			isa = PBXGroup;
			children = (
				BEE3322D8EF6763B46BF3C1B /* AudioService.swift */,
			);
			path = Audio;
			sourceTree = "<group>";
		};
		3968D4C864D2AA654CD507A1 /* Exploration */ = {
			isa = PBXGroup;
			children = (
				3A5A0519DE22D34D64B8042B /* ExplorationController.swift */,
			);
			path = Exploration;
			sourceTree = "<group>";
		};
		41FC92A3B820B2D1FF31BEC0 /* Products */ = {
			isa = PBXGroup;
			children = (
				0B17603B09208858E2CBF0AF /* RiftExpedition.app */,
				3F2BDC56D41062C0A4A1AEDB /* RiftExpeditionTests.xctest */,
			);
			name = Products;
			sourceTree = "<group>";
		};
		5D2FF07076F465E2FBB25BE9 /* Support */ = {
			isa = PBXGroup;
			children = (
				26E228968FC56BB933A3CABE /* GameLog.swift */,
			);
			path = Support;
			sourceTree = "<group>";
		};
		883BBACC6D864102375B37A1 /* Resources */ = {
			isa = PBXGroup;
			children = (
				9378BAD0E4B3DC7D9AF2FBCD /* Assets */,
				88DF543C5A5385E21EDF8CFD /* Data */,
				6F7AC4E0DEC480F958D181E4 /* Maps */,
			);
			path = Resources;
			sourceTree = "<group>";
		};
		95C2CCA170465F36D5AFF4BE /* ViewModels */ = {
			isa = PBXGroup;
			children = (
				7C293E92E0C61C83BC23C3D8 /* BattleViewModel.swift */,
				D19AB8D6F4144C335B1A905D /* DialogViewModel.swift */,
				D5A11D608E5672C4D8E4AFEE /* GameSessionViewModel.swift */,
				7EC223499FD6F98F40939CDB /* InventoryViewModel.swift */,
				BCE33441FC0022334EC29321 /* PartyCreationViewModel.swift */,
				78DDEC2D739BDADDB200C294 /* SaveLoadViewModel.swift */,
			);
			path = ViewModels;
			sourceTree = "<group>";
		};
		9798658D7C0C8A661087A924 /* RiftExpeditionTests */ = {
			isa = PBXGroup;
			children = (
				3BCF3E47745F5BA22664179A /* AppSmokeTests.swift */,
				041AA83BB7EE525626254DF3 /* BattleViewModelTests.swift */,
				0A1B2C3D4E5F60718293A4B8 /* ChapterCompleteViewModelTests.swift */,
				CED5203573F8304F28AF64DD /* DialogViewModelTests.swift */,
				13ADCD02CE1DDCFC52A3C22E /* EncounterTriggerServiceTests.swift */,
				B8FFB76B3265761E301E9ABE /* ExplorationControllerTests.swift */,
				4F9E9466292C4C5C9DCD43B1 /* GameOverRecoveryTests.swift */,
				13DDC311BD14026A508BBF8A /* GameSessionViewModelTests.swift */,
				3677F0CA387D5D4818040E3C /* InventoryViewModelTests.swift */,
				30D42B43B5FA4A8DA355A960 /* NavigationServiceTests.swift */,
				FEA81A8F301589365BBF6754 /* PartyCreationViewModelTests.swift */,
				E21ED1B8BC9A963A07E80AC0 /* SaveLoadViewModelTests.swift */,
			);
			path = RiftExpeditionTests;
			sourceTree = "<group>";
		};
		B739B4055280D63B63A7CC7E /* App */ = {
			isa = PBXGroup;
			children = (
				2E20289D96B7086117044C4B /* AppState.swift */,
				16878055CA8AAE8E6F1D52DF /* ContentView.swift */,
				62D9C87993ED01E0C345D4D1 /* GameRootView.swift */,
				FDD21D61B804614283239218 /* RiftExpeditionApp.swift */,
			);
			path = App;
			sourceTree = "<group>";
		};
		B7454E688FFA400A079F2AB1 /* Packages */ = {
			isa = PBXGroup;
			children = (
				178952F0342DDAB252E026EA /* RiftCore */,
			);
			path = Packages;
			sourceTree = "<group>";
		};
		B82E909A30D8F496A328F7AA = {
			isa = PBXGroup;
			children = (
				B7454E688FFA400A079F2AB1 /* Packages */,
				007FAE374E397CB9050B976B /* RiftExpedition */,
				9798658D7C0C8A661087A924 /* RiftExpeditionTests */,
				41FC92A3B820B2D1FF31BEC0 /* Products */,
			);
			sourceTree = "<group>";
		};
		C4BE167B9FC3C9C579982340 /* Game */ = {
			isa = PBXGroup;
			children = (
				8A59363E369752C0EBF6B922 /* GameScene.swift */,
				E9690F5B30C8F52EA2944A2B /* TiledMapLoader.swift */,
				086E57884555B154A6B4B588 /* Encounter */,
				3968D4C864D2AA654CD507A1 /* Exploration */,
				08020C780A8F1BB98FF87CBD /* Navigation */,
				F0CF89C5CC5AAB2C2E43DE04 /* Tiled */,
			);
			path = Game;
			sourceTree = "<group>";
		};
		F0CF89C5CC5AAB2C2E43DE04 /* Tiled */ = {
			isa = PBXGroup;
			children = (
				BDDC2D82CDF426BA23FE4903 /* SKTiledSmoke.swift */,
			);
			path = Tiled;
			sourceTree = "<group>";
		};
/* End PBXGroup section */

/* Begin PBXNativeTarget section */
		376818D0EE0C71553BD29CDD /* RiftExpeditionTests */ = {
			isa = PBXNativeTarget;
			buildConfigurationList = 8FA46E7CB197A8D69749526A /* Build configuration list for PBXNativeTarget "RiftExpeditionTests" */;
			buildPhases = (
				E0699AECC75FC066A48AC07C /* Sources */,
			);
			buildRules = (
			);
			dependencies = (
				9AF7D703059714E59BE9387E /* PBXTargetDependency */,
			);
			name = RiftExpeditionTests;
			packageProductDependencies = (
			);
			productName = RiftExpeditionTests;
			productReference = 3F2BDC56D41062C0A4A1AEDB /* RiftExpeditionTests.xctest */;
			productType = "com.apple.product-type.bundle.unit-test";
		};
		7F125E9A933BCA4AAC245B6B /* RiftExpedition */ = {
			isa = PBXNativeTarget;
			buildConfigurationList = BCDE6C229595C47A1998F6BB /* Build configuration list for PBXNativeTarget "RiftExpedition" */;
			buildPhases = (
				35F6D565A5C7F35569A73BB0 /* Sources */,
				AAF94D5688E9109179BC1948 /* Resources */,
				E875758D1151B9D67EA0BB1A /* Frameworks */,
			);
			buildRules = (
			);
			dependencies = (
			);
			name = RiftExpedition;
			packageProductDependencies = (
				66F68254A710BE031FA3C538 /* RiftCore */,
				144D526509E751239A80D9D5 /* SKTiled */,
			);
			productName = RiftExpedition;
			productReference = 0B17603B09208858E2CBF0AF /* RiftExpedition.app */;
			productType = "com.apple.product-type.application";
		};
/* End PBXNativeTarget section */

/* Begin PBXProject section */
		458DFF6F63C8A0A64A18CBF7 /* Project object */ = {
			isa = PBXProject;
			attributes = {
				BuildIndependentTargetsInParallel = YES;
				LastUpgradeCheck = 1430;
				TargetAttributes = {
					7F125E9A933BCA4AAC245B6B = {
						ProvisioningStyle = Automatic;
					};
				};
			};
			buildConfigurationList = CF6314D2CB787296B9A86C5E /* Build configuration list for PBXProject "RiftExpedition" */;
			compatibilityVersion = "Xcode 14.0";
			developmentRegion = en;
			hasScannedForEncodings = 0;
			knownRegions = (
				Base,
				en,
			);
			mainGroup = B82E909A30D8F496A328F7AA;
			minimizedProjectReferenceProxies = 1;
			packageReferences = (
				C43292A3D3A35DFCCD53A503 /* XCRemoteSwiftPackageReference "SKTiled" */,
				47D3AD67B810E446EEB4EB33 /* XCLocalSwiftPackageReference "Packages/RiftCore" */,
			);
			preferredProjectObjectVersion = 77;
			projectDirPath = "";
			projectRoot = "";
			targets = (
				7F125E9A933BCA4AAC245B6B /* RiftExpedition */,
				376818D0EE0C71553BD29CDD /* RiftExpeditionTests */,
			);
		};
/* End PBXProject section */

/* Begin PBXResourcesBuildPhase section */
		AAF94D5688E9109179BC1948 /* Resources */ = {
			isa = PBXResourcesBuildPhase;
			buildActionMask = 2147483647;
			files = (
				3611029602000DC07423A95F /* Assets in Resources */,
				1848CFC49F32B6EF6667BE62 /* Data in Resources */,
				D20908863543301B1459C3A6 /* Maps in Resources */,
			);
			runOnlyForDeploymentPostprocessing = 0;
		};
/* End PBXResourcesBuildPhase section */

/* Begin PBXSourcesBuildPhase section */
		35F6D565A5C7F35569A73BB0 /* Sources */ = {
			isa = PBXSourcesBuildPhase;
			buildActionMask = 2147483647;
			files = (
				4061D4F404E9C2F39F4252C8 /* AppState.swift in Sources */,
				9183538DE747AB36298AB423 /* AudioService.swift in Sources */,
				4CE2615E38C0F74F8077058B /* BattleHUDView.swift in Sources */,
				6802995F9D5D42B766DFD4D6 /* BattleViewModel.swift in Sources */,
				2AC8D80CD5D5A613E8ECCF5A /* CharacterSheetView.swift in Sources */,
				0A1B2C3D4E5F60718293A4B5 /* ChapterCompleteView.swift in Sources */,
				578732DC3C52AB58C25A427E /* ContentView.swift in Sources */,
				D875A9994F538C9CA37B297C /* DebugOverlayView.swift in Sources */,
				CB9CFA9956BA963FF8ECE217 /* DialogView.swift in Sources */,
				E13BE2848D6EE0DB41CA094B /* DialogViewModel.swift in Sources */,
				D479EFB7CB00F0F6C5A17847 /* EncounterTriggerService.swift in Sources */,
				6347CEA63EB39C695173C2CB /* ExplorationController.swift in Sources */,
				75888EDDD89E8D43FB9D8081 /* GameLog.swift in Sources */,
				EA26E71CCD073F770F867A1E /* GameRootView.swift in Sources */,
				A3CC69DA628AF017095209CF /* GameScene.swift in Sources */,
				7EFE432FF57723A0E6402008 /* GameSessionViewModel.swift in Sources */,
				C4AB3902B42AB9F9ACD5E503 /* InventoryView.swift in Sources */,
				C7C1D3A7139B0EAB08203DB5 /* InventoryViewModel.swift in Sources */,
				B21B8E81F017A5DA43739B18 /* LineOfSightService.swift in Sources */,
				E152D139378F269AE18D4DEA /* NavigationService.swift in Sources */,
				1D86B4BB78F507A4FF4DCBBC /* PartyCreationView.swift in Sources */,
				E4F1A8A2075A81DCCD66DA54 /* PartyCreationViewModel.swift in Sources */,
				B9EB9523CC4829EB2BE7C946 /* QuestLogView.swift in Sources */,
				C03B841A7B26D9E7734F62B0 /* RiftExpeditionApp.swift in Sources */,
				7A1FAA9933C66689FD577710 /* SKTiledSmoke.swift in Sources */,
				E4425829A2497C821875B3A5 /* SaveGameStore.swift in Sources */,
				ED3D5492A209D88E71E23C04 /* SaveLoadView.swift in Sources */,
				991189CB683319A94BEAA1A2 /* SaveLoadViewModel.swift in Sources */,
				762B7AB18C17309A6B4CC3B5 /* SettingsView.swift in Sources */,
				A8CCEAD8EEF70AAF3D485948 /* TiledMapLoader.swift in Sources */,
			);
			runOnlyForDeploymentPostprocessing = 0;
		};
		E0699AECC75FC066A48AC07C /* Sources */ = {
			isa = PBXSourcesBuildPhase;
			buildActionMask = 2147483647;
			files = (
				0E180D9D2E759F4269AD36D8 /* AppSmokeTests.swift in Sources */,
				4FEEBC447E12CF70E826B83A /* BattleViewModelTests.swift in Sources */,
				0A1B2C3D4E5F60718293A4B6 /* ChapterCompleteViewModelTests.swift in Sources */,
				6B6AA44F5BF0D3257C309ECF /* DialogViewModelTests.swift in Sources */,
				FFA0837788C20216C0548B5E /* EncounterTriggerServiceTests.swift in Sources */,
				165FE173F0612A7C42D11C31 /* ExplorationControllerTests.swift in Sources */,
				70C4603FB3C84E4291582401 /* GameOverRecoveryTests.swift in Sources */,
				07A9D3403701FF8FA75EAE88 /* GameSessionViewModelTests.swift in Sources */,
				0246E914ED83246EA311D898 /* InventoryViewModelTests.swift in Sources */,
				25BE95F6B1B417258116659A /* NavigationServiceTests.swift in Sources */,
				9FA8A833859854299DEEFCFB /* PartyCreationViewModelTests.swift in Sources */,
				36F44454EBE9E28B55FB5782 /* SaveLoadViewModelTests.swift in Sources */,
			);
			runOnlyForDeploymentPostprocessing = 0;
		};
/* End PBXSourcesBuildPhase section */

/* Begin PBXTargetDependency section */
		9AF7D703059714E59BE9387E /* PBXTargetDependency */ = {
			isa = PBXTargetDependency;
			target = 7F125E9A933BCA4AAC245B6B /* RiftExpedition */;
			targetProxy = 5EDFEC619151D736AE0C9652 /* PBXContainerItemProxy */;
		};
/* End PBXTargetDependency section */

/* Begin XCBuildConfiguration section */
		4242278FF2CF7550DCBB9AF0 /* Debug */ = {
			isa = XCBuildConfiguration;
			buildSettings = {
				ALWAYS_SEARCH_USER_PATHS = NO;
				CLANG_ANALYZER_NONNULL = YES;
				CLANG_ANALYZER_NUMBER_OBJECT_CONVERSION = YES_AGGRESSIVE;
				CLANG_CXX_LANGUAGE_STANDARD = "gnu++14";
				CLANG_CXX_LIBRARY = "libc++";
				CLANG_ENABLE_MODULES = YES;
				CLANG_ENABLE_OBJC_ARC = YES;
				CLANG_ENABLE_OBJC_WEAK = YES;
				CLANG_WARN_BLOCK_CAPTURE_AUTORELEASING = YES;
				CLANG_WARN_BOOL_CONVERSION = YES;
				CLANG_WARN_COMMA = YES;
				CLANG_WARN_CONSTANT_CONVERSION = YES;
				CLANG_WARN_DEPRECATED_OBJC_IMPLEMENTATIONS = YES;
				CLANG_WARN_DIRECT_OBJC_ISA_USAGE = YES_ERROR;
				CLANG_WARN_DOCUMENTATION_COMMENTS = YES;
				CLANG_WARN_EMPTY_BODY = YES;
				CLANG_WARN_ENUM_CONVERSION = YES;
				CLANG_WARN_INFINITE_RECURSION = YES;
				CLANG_WARN_INT_CONVERSION = YES;
				CLANG_WARN_NON_LITERAL_NULL_CONVERSION = YES;
				CLANG_WARN_OBJC_IMPLICIT_RETAIN_SELF = YES;
				CLANG_WARN_OBJC_LITERAL_CONVERSION = YES;
				CLANG_WARN_OBJC_ROOT_CLASS = YES_ERROR;
				CLANG_WARN_QUOTED_INCLUDE_IN_FRAMEWORK_HEADER = YES;
				CLANG_WARN_RANGE_LOOP_ANALYSIS = YES;
				CLANG_WARN_STRICT_PROTOTYPES = YES;
				CLANG_WARN_SUSPICIOUS_MOVE = YES;
				CLANG_WARN_UNGUARDED_AVAILABILITY = YES_AGGRESSIVE;
				CLANG_WARN_UNREACHABLE_CODE = YES;
				CLANG_WARN__DUPLICATE_METHOD_MATCH = YES;
				COPY_PHASE_STRIP = NO;
				DEBUG_INFORMATION_FORMAT = dwarf;
				ENABLE_STRICT_OBJC_MSGSEND = YES;
				ENABLE_TESTABILITY = YES;
				GCC_C_LANGUAGE_STANDARD = gnu11;
				GCC_DYNAMIC_NO_PIC = NO;
				GCC_NO_COMMON_BLOCKS = YES;
				GCC_OPTIMIZATION_LEVEL = 0;
				GCC_PREPROCESSOR_DEFINITIONS = (
					"$(inherited)",
					"DEBUG=1",
				);
				GCC_WARN_64_TO_32_BIT_CONVERSION = YES;
				GCC_WARN_ABOUT_RETURN_TYPE = YES_ERROR;
				GCC_WARN_UNDECLARED_SELECTOR = YES;
				GCC_WARN_UNINITIALIZED_AUTOS = YES_AGGRESSIVE;
				GCC_WARN_UNUSED_FUNCTION = YES;
				GCC_WARN_UNUSED_VARIABLE = YES;
				MACOSX_DEPLOYMENT_TARGET = 14.0;
				MTL_ENABLE_DEBUG_INFO = INCLUDE_SOURCE;
				MTL_FAST_MATH = YES;
				ONLY_ACTIVE_ARCH = YES;
				PRODUCT_NAME = "$(TARGET_NAME)";
				SDKROOT = macosx;
				SWIFT_ACTIVE_COMPILATION_CONDITIONS = DEBUG;
				SWIFT_OPTIMIZATION_LEVEL = "-Onone";
				SWIFT_STRICT_CONCURRENCY = complete;
				SWIFT_VERSION = 6.0;
			};
			name = Debug;
		};
		5D7BA52CD38A00E6CCCD0F91 /* Release */ = {
			isa = XCBuildConfiguration;
			buildSettings = {
				BUNDLE_LOADER = "$(TEST_HOST)";
				COMBINE_HIDPI_IMAGES = YES;
				GENERATE_INFOPLIST_FILE = YES;
				LD_RUNPATH_SEARCH_PATHS = (
					"$(inherited)",
					"@executable_path/../Frameworks",
					"@loader_path/../Frameworks",
				);
				MACOSX_DEPLOYMENT_TARGET = 14.0;
				SDKROOT = macosx;
				TEST_HOST = "$(BUILT_PRODUCTS_DIR)/RiftExpedition.app/Contents/MacOS/RiftExpedition";
			};
			name = Release;
		};
		BABD2F7D1B7F560587D01EB2 /* Debug */ = {
			isa = XCBuildConfiguration;
			buildSettings = {
				BUNDLE_LOADER = "$(TEST_HOST)";
				COMBINE_HIDPI_IMAGES = YES;
				GENERATE_INFOPLIST_FILE = YES;
				LD_RUNPATH_SEARCH_PATHS = (
					"$(inherited)",
					"@executable_path/../Frameworks",
					"@loader_path/../Frameworks",
				);
				MACOSX_DEPLOYMENT_TARGET = 14.0;
				SDKROOT = macosx;
				TEST_HOST = "$(BUILT_PRODUCTS_DIR)/RiftExpedition.app/Contents/MacOS/RiftExpedition";
			};
			name = Debug;
		};
		BDBD6B2681E601AE97FE0031 /* Debug */ = {
			isa = XCBuildConfiguration;
			buildSettings = {
				ASSETCATALOG_COMPILER_APPICON_NAME = AppIcon;
				CODE_SIGN_ENTITLEMENTS = RiftExpedition/RiftExpedition.entitlements;
				CODE_SIGN_STYLE = Automatic;
				COMBINE_HIDPI_IMAGES = YES;
				GENERATE_INFOPLIST_FILE = YES;
				INFOPLIST_KEY_CFBundleDisplayName = "裂隙远征";
				INFOPLIST_KEY_LSApplicationCategoryType = "public.app-category.games";
				LD_RUNPATH_SEARCH_PATHS = (
					"$(inherited)",
					"@executable_path/../Frameworks",
				);
				MACOSX_DEPLOYMENT_TARGET = 14.0;
				PRODUCT_BUNDLE_IDENTIFIER = com.riftexpedition.game;
				PRODUCT_NAME = RiftExpedition;
				SDKROOT = macosx;
			};
			name = Debug;
		};
		CB559F48FB37C59ABB751518 /* Release */ = {
			isa = XCBuildConfiguration;
			buildSettings = {
				ASSETCATALOG_COMPILER_APPICON_NAME = AppIcon;
				CODE_SIGN_ENTITLEMENTS = RiftExpedition/RiftExpedition.entitlements;
				CODE_SIGN_STYLE = Automatic;
				COMBINE_HIDPI_IMAGES = YES;
				GENERATE_INFOPLIST_FILE = YES;
				INFOPLIST_KEY_CFBundleDisplayName = "裂隙远征";
				INFOPLIST_KEY_LSApplicationCategoryType = "public.app-category.games";
				LD_RUNPATH_SEARCH_PATHS = (
					"$(inherited)",
					"@executable_path/../Frameworks",
				);
				MACOSX_DEPLOYMENT_TARGET = 14.0;
				PRODUCT_BUNDLE_IDENTIFIER = com.riftexpedition.game;
				PRODUCT_NAME = RiftExpedition;
				SDKROOT = macosx;
			};
			name = Release;
		};
		E23C2CB8574100C3065C56C9 /* Release */ = {
			isa = XCBuildConfiguration;
			buildSettings = {
				ALWAYS_SEARCH_USER_PATHS = NO;
				CLANG_ANALYZER_NONNULL = YES;
				CLANG_ANALYZER_NUMBER_OBJECT_CONVERSION = YES_AGGRESSIVE;
				CLANG_CXX_LANGUAGE_STANDARD = "gnu++14";
				CLANG_CXX_LIBRARY = "libc++";
				CLANG_ENABLE_MODULES = YES;
				CLANG_ENABLE_OBJC_ARC = YES;
				CLANG_ENABLE_OBJC_WEAK = YES;
				CLANG_WARN_BLOCK_CAPTURE_AUTORELEASING = YES;
				CLANG_WARN_BOOL_CONVERSION = YES;
				CLANG_WARN_COMMA = YES;
				CLANG_WARN_CONSTANT_CONVERSION = YES;
				CLANG_WARN_DEPRECATED_OBJC_IMPLEMENTATIONS = YES;
				CLANG_WARN_DIRECT_OBJC_ISA_USAGE = YES_ERROR;
				CLANG_WARN_DOCUMENTATION_COMMENTS = YES;
				CLANG_WARN_EMPTY_BODY = YES;
				CLANG_WARN_ENUM_CONVERSION = YES;
				CLANG_WARN_INFINITE_RECURSION = YES;
				CLANG_WARN_INT_CONVERSION = YES;
				CLANG_WARN_NON_LITERAL_NULL_CONVERSION = YES;
				CLANG_WARN_OBJC_IMPLICIT_RETAIN_SELF = YES;
				CLANG_WARN_OBJC_LITERAL_CONVERSION = YES;
				CLANG_WARN_OBJC_ROOT_CLASS = YES_ERROR;
				CLANG_WARN_QUOTED_INCLUDE_IN_FRAMEWORK_HEADER = YES;
				CLANG_WARN_RANGE_LOOP_ANALYSIS = YES;
				CLANG_WARN_STRICT_PROTOTYPES = YES;
				CLANG_WARN_SUSPICIOUS_MOVE = YES;
				CLANG_WARN_UNGUARDED_AVAILABILITY = YES_AGGRESSIVE;
				CLANG_WARN_UNREACHABLE_CODE = YES;
				CLANG_WARN__DUPLICATE_METHOD_MATCH = YES;
				COPY_PHASE_STRIP = NO;
				DEBUG_INFORMATION_FORMAT = "dwarf-with-dsym";
				ENABLE_NS_ASSERTIONS = NO;
				ENABLE_STRICT_OBJC_MSGSEND = YES;
				GCC_C_LANGUAGE_STANDARD = gnu11;
				GCC_NO_COMMON_BLOCKS = YES;
				GCC_WARN_64_TO_32_BIT_CONVERSION = YES;
				GCC_WARN_ABOUT_RETURN_TYPE = YES_ERROR;
				GCC_WARN_UNDECLARED_SELECTOR = YES;
				GCC_WARN_UNINITIALIZED_AUTOS = YES_AGGRESSIVE;
				GCC_WARN_UNUSED_FUNCTION = YES;
				GCC_WARN_UNUSED_VARIABLE = YES;
				MACOSX_DEPLOYMENT_TARGET = 14.0;
				MTL_ENABLE_DEBUG_INFO = NO;
				MTL_FAST_MATH = YES;
				PRODUCT_NAME = "$(TARGET_NAME)";
				SDKROOT = macosx;
				SWIFT_COMPILATION_MODE = wholemodule;
				SWIFT_OPTIMIZATION_LEVEL = "-O";
				SWIFT_STRICT_CONCURRENCY = complete;
				SWIFT_VERSION = 6.0;
			};
			name = Release;
		};
/* End XCBuildConfiguration section */

/* Begin XCConfigurationList section */
		8FA46E7CB197A8D69749526A /* Build configuration list for PBXNativeTarget "RiftExpeditionTests" */ = {
			isa = XCConfigurationList;
			buildConfigurations = (
				BABD2F7D1B7F560587D01EB2 /* Debug */,
				5D7BA52CD38A00E6CCCD0F91 /* Release */,
			);
			defaultConfigurationIsVisible = 0;
			defaultConfigurationName = Debug;
		};
		BCDE6C229595C47A1998F6BB /* Build configuration list for PBXNativeTarget "RiftExpedition" */ = {
			isa = XCConfigurationList;
			buildConfigurations = (
				BDBD6B2681E601AE97FE0031 /* Debug */,
				CB559F48FB37C59ABB751518 /* Release */,
			);
			defaultConfigurationIsVisible = 0;
			defaultConfigurationName = Debug;
		};
		CF6314D2CB787296B9A86C5E /* Build configuration list for PBXProject "RiftExpedition" */ = {
			isa = XCConfigurationList;
			buildConfigurations = (
				4242278FF2CF7550DCBB9AF0 /* Debug */,
				E23C2CB8574100C3065C56C9 /* Release */,
			);
			defaultConfigurationIsVisible = 0;
			defaultConfigurationName = Debug;
		};
/* End XCConfigurationList section */

/* Begin XCLocalSwiftPackageReference section */
		47D3AD67B810E446EEB4EB33 /* XCLocalSwiftPackageReference "Packages/RiftCore" */ = {
			isa = XCLocalSwiftPackageReference;
			relativePath = Packages/RiftCore;
		};
/* End XCLocalSwiftPackageReference section */

/* Begin XCRemoteSwiftPackageReference section */
		C43292A3D3A35DFCCD53A503 /* XCRemoteSwiftPackageReference "SKTiled" */ = {
			isa = XCRemoteSwiftPackageReference;
			repositoryURL = "https://github.com/mfessenden/SKTiled.git";
			requirement = {
				kind = revision;
				revision = 9ca740baffcfbeb296a1f5ebc57d0bc2f4bda1fe;
			};
		};
/* End XCRemoteSwiftPackageReference section */

/* Begin XCSwiftPackageProductDependency section */
		144D526509E751239A80D9D5 /* SKTiled */ = {
			isa = XCSwiftPackageProductDependency;
			package = C43292A3D3A35DFCCD53A503 /* XCRemoteSwiftPackageReference "SKTiled" */;
			productName = SKTiled;
		};
		66F68254A710BE031FA3C538 /* RiftCore */ = {
			isa = XCSwiftPackageProductDependency;
			productName = RiftCore;
		};
/* End XCSwiftPackageProductDependency section */
	};
	rootObject = 458DFF6F63C8A0A64A18CBF7 /* Project object */;
}
